
Microsoft Visual Studio Solution File, Format Version 12.00
# Visual Studio Version 17
VisualStudioVersion = 17.6.33723.286
MinimumVisualStudioVersion = 10.0.40219.1
Project("{9A19103F-16F7-4668-BE54-9A1E7A4F7556}") = "CombinatorialOptimization", "combinatorialOptimization\CombinatorialOptimization.csproj", "{D43FC5AC-5B18-478E-9F0A-42005C6FD381}"
EndProject
Project("{FAE04EC0-301F-11D3-BF4B-00C04F79EFBC}") = "SimulatedAnnealingTests", "SimulatedAnnealingTests\SimulatedAnnealingTests.csproj", "{5D548271-7EA8-4F77-B2C7-EB13F52DA9D8}"
EndProject
Global
	GlobalSection(SolutionConfigurationPlatforms) = preSolution
		Debug|Any CPU = Debug|Any CPU
		Release|Any CPU = Release|Any CPU
	EndGlobalSection
	GlobalSection(ProjectConfigurationPlatforms) = postSolution
		{D43FC5AC-5B18-478E-9F0A-42005C6FD381}.Debug|Any CPU.ActiveCfg = Debug|Any CPU
		{D43FC5AC-5B18-478E-9F0A-42005C6FD381}.Debug|Any CPU.Build.0 = Debug|Any CPU
		{D43FC5AC-5B18-478E-9F0A-42005C6FD381}.Release|Any CPU.ActiveCfg = Release|Any CPU
		{D43FC5AC-5B18-478E-9F0A-42005C6FD381}.Release|Any CPU.Build.0 = Release|Any CPU
		{5D548271-7EA8-4F77-B2C7-EB13F52DA9D8}.Debug|Any CPU.ActiveCfg = Debug|Any CPU
		{5D548271-7EA8-4F77-B2C7-EB13F52DA9D8}.Debug|Any CPU.Build.0 = Debug|Any CPU
		{5D548271-7EA8-4F77-B2C7-EB13F52DA9D8}.Release|Any CPU.ActiveCfg = Release|Any CPU
		{5D548271-7EA8-4F77-B2C7-EB13F52DA9D8}.Release|Any CPU.Build.0 = Release|Any CPU
	EndGlobalSection
	GlobalSection(SolutionProperties) = preSolution
		HideSolutionNode = FALSE
	EndGlobalSection
	GlobalSection(ExtensibilityGlobals) = postSolution
		SolutionGuid = {2E995653-5454-4ACA-8060-C2A65E979B8D}
	EndGlobalSection
EndGlobal
